{
  "nodes": {
    "forecaster": {
      "inputs": {
        "ml-pkgs": "ml-pkgs",
        "nixpkgs": [
          "nixpkgs"
        ]
      },
      "locked": {
        "lastModified": 1748778430,
        "narHash": "sha256-mk0HF9fY9y7ZFiL38kWwJevRygZDCMmdzc9RR0ntpLM=",
        "owner": "aau-p9s",
        "repo": "forecaster",
        "rev": "1cc94044cf732c5d3d65e7487595f38aa205104a",
        "type": "github"
      },
      "original": {
        "owner": "aau-p9s",
        "repo": "forecaster",
        "type": "github"
      }
    },
    "ml-pkgs": {
      "inputs": {
        "nixpkgs": [
          "forecaster",
          "nixpkgs"
        ],
        "utils": "utils"
      },
      "locked": {
        "lastModified": 1725895511,
        "narHash": "sha256-kwKUP9+h1yHt4ZjqjnqvOapIG1d93Dqs7CrLjo5bhK4=",
        "owner": "nixvital",
        "repo": "ml-pkgs",
        "rev": "8258acf7164be0f2937203f3454297abd19f6968",
        "type": "github"
      },
      "original": {
        "owner": "nixvital",
        "ref": "archive/24.05",
        "repo": "ml-pkgs",
        "type": "github"
      }
    },
    "nixpkgs": {
      "locked": {
        "lastModified": 1735563628,
        "narHash": "sha256-OnSAY7XDSx7CtDoqNh8jwVwh4xNL/2HaJxGjryLWzX8=",
        "owner": "NixOS",
        "repo": "nixpkgs",
        "rev": "b134951a4c9f3c995fd7be05f3243f8ecd65d798",
        "type": "github"
      },
      "original": {
        "id": "nixpkgs",
        "ref": "nixos-24.05",
        "type": "indirect"
      }
    },
    "root": {
      "inputs": {
        "forecaster": "forecaster",
        "nixpkgs": "nixpkgs"
      }
    },
    "utils": {
      "locked": {
        "lastModified": 1623875721,
        "narHash": "sha256-A8BU7bjS5GirpAUv4QA+QnJ4CceLHkcXdRp4xITDB0s=",
        "owner": "numtide",
        "repo": "flake-utils",
        "rev": "f7e004a55b120c02ecb6219596820fcd32ca8772",
        "type": "github"
      },
      "original": {
        "owner": "numtide",
        "repo": "flake-utils",
        "type": "github"
      }
    }
  },
  "root": "root",
  "version": 7
}
